// !$*UTF8*$!
{
	archiveVersion = 1;
	classes = {
	};
	objectVersion = 55;
	objects = {

/* Begin PBXBuildFile section */
		1119ED3636B201F257273A8A /* Pods_OKArrrr.framework in Frameworks */ = {isa = PBXBuildFile; fileRef = 157540E27FEFD888C0201D1C /* Pods_OKArrrr.framework */; };
		A7071D8F28CD88170097709E /* OKRService.swift in Sources */ = {isa = PBXBuildFile; fileRef = A7071D8928CD88170097709E /* OKRService.swift */; };
		A7071D9028CD88170097709E /* KeyResultService.swift in Sources */ = {isa = PBXBuildFile; fileRef = A7071D8A28CD88170097709E /* KeyResultService.swift */; };
		A7071D9128CD88170097709E /* KeyResultRemote.swift in Sources */ = {isa = PBXBuildFile; fileRef = A7071D8C28CD88170097709E /* KeyResultRemote.swift */; };
		A7071D9228CD88170097709E /* OKRRemote.swift in Sources */ = {isa = PBXBuildFile; fileRef = A7071D8D28CD88170097709E /* OKRRemote.swift */; };
		A7071D9328CD88170097709E /* ServiceUtils.swift in Sources */ = {isa = PBXBuildFile; fileRef = A7071D8E28CD88170097709E /* ServiceUtils.swift */; };
		A7241BDC28B9C2C800326683 /* OKRLocal.swift in Sources */ = {isa = PBXBuildFile; fileRef = A7241BDB28B9C2C800326683 /* OKRLocal.swift */; };
		A7241BDE28B9C53800326683 /* OKRDatabase.swift in Sources */ = {isa = PBXBuildFile; fileRef = A7241BDD28B9C53800326683 /* OKRDatabase.swift */; };
		A7241BE128B9F6E500326683 /* OKRRepository.swift in Sources */ = {isa = PBXBuildFile; fileRef = A7241BE028B9F6E500326683 /* OKRRepository.swift */; };
		A7241BE328B9F89200326683 /* OKRRepositoryImpl.swift in Sources */ = {isa = PBXBuildFile; fileRef = A7241BE228B9F89200326683 /* OKRRepositoryImpl.swift */; };
		A7286ADF28B66F2900228526 /* OKArrrrApp.swift in Sources */ = {isa = PBXBuildFile; fileRef = A7286ADE28B66F2900228526 /* OKArrrrApp.swift */; };
		A7286AE628B66F2B00228526 /* Preview Assets.xcassets in Resources */ = {isa = PBXBuildFile; fileRef = A7286AE528B66F2B00228526 /* Preview Assets.xcassets */; };
		A7286AF028B66F2B00228526 /* OKArrrrTests.swift in Sources */ = {isa = PBXBuildFile; fileRef = A7286AEF28B66F2B00228526 /* OKArrrrTests.swift */; };
		A7286AFA28B66F2B00228526 /* OKArrrrUITests.swift in Sources */ = {isa = PBXBuildFile; fileRef = A7286AF928B66F2B00228526 /* OKArrrrUITests.swift */; };
		A7286AFC28B66F2B00228526 /* OKArrrrUITestsLaunchTests.swift in Sources */ = {isa = PBXBuildFile; fileRef = A7286AFB28B66F2B00228526 /* OKArrrrUITestsLaunchTests.swift */; };
		A7397CB128DEA943005517CB /* LoginView.swift in Sources */ = {isa = PBXBuildFile; fileRef = A7397CB028DEA943005517CB /* LoginView.swift */; };
		A74D20DF28D6C30D00AAB2BE /* OKRList.swift in Sources */ = {isa = PBXBuildFile; fileRef = A74D20D928D6C30D00AAB2BE /* OKRList.swift */; };
		A74D20E028D6C30D00AAB2BE /* NavigationConfigurator.swift in Sources */ = {isa = PBXBuildFile; fileRef = A74D20DA28D6C30D00AAB2BE /* NavigationConfigurator.swift */; };
		A74D20E128D6C30D00AAB2BE /* OKRDetail.swift in Sources */ = {isa = PBXBuildFile; fileRef = A74D20DB28D6C30D00AAB2BE /* OKRDetail.swift */; };
		A74D20E228D6C30D00AAB2BE /* OKRRow.swift in Sources */ = {isa = PBXBuildFile; fileRef = A74D20DC28D6C30D00AAB2BE /* OKRRow.swift */; };
		A74D20E328D6C30D00AAB2BE /* OKRListViewModel.swift in Sources */ = {isa = PBXBuildFile; fileRef = A74D20DD28D6C30D00AAB2BE /* OKRListViewModel.swift */; };
		A74D20E428D6C30D00AAB2BE /* ContentView.swift in Sources */ = {isa = PBXBuildFile; fileRef = A74D20DE28D6C30D00AAB2BE /* ContentView.swift */; };
		A76E5D6F28B6739100AF82E2 /* OKR.swift in Sources */ = {isa = PBXBuildFile; fileRef = A76E5D6E28B6739100AF82E2 /* OKR.swift */; };
		A76E5D7B28B68CF500AF82E2 /* Assets.xcassets in Resources */ = {isa = PBXBuildFile; fileRef = A76E5D7A28B68CF500AF82E2 /* Assets.xcassets */; };
		A7948F4628F679F600543ABE /* KeyResult.swift in Sources */ = {isa = PBXBuildFile; fileRef = A7948F4528F679F600543ABE /* KeyResult.swift */; };
		A7E31C1128E82D8B005BF121 /* CustomDialog.swift in Sources */ = {isa = PBXBuildFile; fileRef = A7E31C1028E82D8B005BF121 /* CustomDialog.swift */; };
		A7E31C1528E82D9E005BF121 /* KeyResultDetailView.swift in Sources */ = {isa = PBXBuildFile; fileRef = A7E31C1228E82D9E005BF121 /* KeyResultDetailView.swift */; };
		A7E31C1628E82D9E005BF121 /* DialogContent.swift in Sources */ = {isa = PBXBuildFile; fileRef = A7E31C1328E82D9E005BF121 /* DialogContent.swift */; };
		A7E31C1728E82D9E005BF121 /* DialogPresentation.swift in Sources */ = {isa = PBXBuildFile; fileRef = A7E31C1428E82D9E005BF121 /* DialogPresentation.swift */; };
		C7785D826166153A62044488 /* Pods_OKArrrr_OKArrrrUITests.framework in Frameworks */ = {isa = PBXBuildFile; fileRef = 9FB27CBFD67F3B6774705A46 /* Pods_OKArrrr_OKArrrrUITests.framework */; };
		CCE6F1E419C0173C517B7801 /* Pods_OKArrrrTests.framework in Frameworks */ = {isa = PBXBuildFile; fileRef = A869D61C5468FB19D3B6B224 /* Pods_OKArrrrTests.framework */; };
/* End PBXBuildFile section */

/* Begin PBXContainerItemProxy section */
		A7286AEC28B66F2B00228526 /* PBXContainerItemProxy */ = {
			isa = PBXContainerItemProxy;
			containerPortal = A7286AD328B66F2900228526 /* Project object */;
			proxyType = 1;
			remoteGlobalIDString = A7286ADA28B66F2900228526;
			remoteInfo = OKArrrr;
		};
		A7286AF628B66F2B00228526 /* PBXContainerItemProxy */ = {
			isa = PBXContainerItemProxy;
			containerPortal = A7286AD328B66F2900228526 /* Project object */;
			proxyType = 1;
			remoteGlobalIDString = A7286ADA28B66F2900228526;
			remoteInfo = OKArrrr;
		};
/* End PBXContainerItemProxy section */

/* Begin PBXFileReference section */
		157540E27FEFD888C0201D1C /* Pods_OKArrrr.framework */ = {isa = PBXFileReference; explicitFileType = wrapper.framework; includeInIndex = 0; path = Pods_OKArrrr.framework; sourceTree = BUILT_PRODUCTS_DIR; };
		45A6C0EF62EE3118E5E9D6D1 /* Pods-OKArrrr-OKArrrrUITests.release.xcconfig */ = {isa = PBXFileReference; includeInIndex = 1; lastKnownFileType = text.xcconfig; name = "Pods-OKArrrr-OKArrrrUITests.release.xcconfig"; path = "Target Support Files/Pods-OKArrrr-OKArrrrUITests/Pods-OKArrrr-OKArrrrUITests.release.xcconfig"; sourceTree = "<group>"; };
		50DE01150AA67AB1F42A8FA7 /* Pods-OKArrrr-OKArrrrUITests.debug.xcconfig */ = {isa = PBXFileReference; includeInIndex = 1; lastKnownFileType = text.xcconfig; name = "Pods-OKArrrr-OKArrrrUITests.debug.xcconfig"; path = "Target Support Files/Pods-OKArrrr-OKArrrrUITests/Pods-OKArrrr-OKArrrrUITests.debug.xcconfig"; sourceTree = "<group>"; };
		7C5362DC236D78A4B220148C /* Pods-OKArrrr.release.xcconfig */ = {isa = PBXFileReference; includeInIndex = 1; lastKnownFileType = text.xcconfig; name = "Pods-OKArrrr.release.xcconfig"; path = "Target Support Files/Pods-OKArrrr/Pods-OKArrrr.release.xcconfig"; sourceTree = "<group>"; };
		91103749CEBE92AE6D93C402 /* Pods-OKArrrr.debug.xcconfig */ = {isa = PBXFileReference; includeInIndex = 1; lastKnownFileType = text.xcconfig; name = "Pods-OKArrrr.debug.xcconfig"; path = "Target Support Files/Pods-OKArrrr/Pods-OKArrrr.debug.xcconfig"; sourceTree = "<group>"; };
		9FB27CBFD67F3B6774705A46 /* Pods_OKArrrr_OKArrrrUITests.framework */ = {isa = PBXFileReference; explicitFileType = wrapper.framework; includeInIndex = 0; path = Pods_OKArrrr_OKArrrrUITests.framework; sourceTree = BUILT_PRODUCTS_DIR; };
		A7071D8928CD88170097709E /* OKRService.swift */ = {isa = PBXFileReference; fileEncoding = 4; lastKnownFileType = sourcecode.swift; path = OKRService.swift; sourceTree = "<group>"; };
		A7071D8A28CD88170097709E /* KeyResultService.swift */ = {isa = PBXFileReference; fileEncoding = 4; lastKnownFileType = sourcecode.swift; path = KeyResultService.swift; sourceTree = "<group>"; };
		A7071D8C28CD88170097709E /* KeyResultRemote.swift */ = {isa = PBXFileReference; fileEncoding = 4; lastKnownFileType = sourcecode.swift; path = KeyResultRemote.swift; sourceTree = "<group>"; };
		A7071D8D28CD88170097709E /* OKRRemote.swift */ = {isa = PBXFileReference; fileEncoding = 4; lastKnownFileType = sourcecode.swift; path = OKRRemote.swift; sourceTree = "<group>"; };
		A7071D8E28CD88170097709E /* ServiceUtils.swift */ = {isa = PBXFileReference; fileEncoding = 4; lastKnownFileType = sourcecode.swift; path = ServiceUtils.swift; sourceTree = "<group>"; };
		A7241BDB28B9C2C800326683 /* OKRLocal.swift */ = {isa = PBXFileReference; lastKnownFileType = sourcecode.swift; path = OKRLocal.swift; sourceTree = "<group>"; };
		A7241BDD28B9C53800326683 /* OKRDatabase.swift */ = {isa = PBXFileReference; lastKnownFileType = sourcecode.swift; path = OKRDatabase.swift; sourceTree = "<group>"; };
		A7241BE028B9F6E500326683 /* OKRRepository.swift */ = {isa = PBXFileReference; lastKnownFileType = sourcecode.swift; path = OKRRepository.swift; sourceTree = "<group>"; };
		A7241BE228B9F89200326683 /* OKRRepositoryImpl.swift */ = {isa = PBXFileReference; lastKnownFileType = sourcecode.swift; path = OKRRepositoryImpl.swift; sourceTree = "<group>"; };
		A7286ADB28B66F2900228526 /* OKArrrr.app */ = {isa = PBXFileReference; explicitFileType = wrapper.application; includeInIndex = 0; path = OKArrrr.app; sourceTree = BUILT_PRODUCTS_DIR; };
		A7286ADE28B66F2900228526 /* OKArrrrApp.swift */ = {isa = PBXFileReference; lastKnownFileType = sourcecode.swift; path = OKArrrrApp.swift; sourceTree = "<group>"; };
		A7286AE528B66F2B00228526 /* Preview Assets.xcassets */ = {isa = PBXFileReference; lastKnownFileType = folder.assetcatalog; path = "Preview Assets.xcassets"; sourceTree = "<group>"; };
		A7286AEB28B66F2B00228526 /* OKArrrrTests.xctest */ = {isa = PBXFileReference; explicitFileType = wrapper.cfbundle; includeInIndex = 0; path = OKArrrrTests.xctest; sourceTree = BUILT_PRODUCTS_DIR; };
		A7286AEF28B66F2B00228526 /* OKArrrrTests.swift */ = {isa = PBXFileReference; lastKnownFileType = sourcecode.swift; path = OKArrrrTests.swift; sourceTree = "<group>"; };
		A7286AF528B66F2B00228526 /* OKArrrrUITests.xctest */ = {isa = PBXFileReference; explicitFileType = wrapper.cfbundle; includeInIndex = 0; path = OKArrrrUITests.xctest; sourceTree = BUILT_PRODUCTS_DIR; };
		A7286AF928B66F2B00228526 /* OKArrrrUITests.swift */ = {isa = PBXFileReference; lastKnownFileType = sourcecode.swift; path = OKArrrrUITests.swift; sourceTree = "<group>"; };
		A7286AFB28B66F2B00228526 /* OKArrrrUITestsLaunchTests.swift */ = {isa = PBXFileReference; lastKnownFileType = sourcecode.swift; path = OKArrrrUITestsLaunchTests.swift; sourceTree = "<group>"; };
		A7397CB028DEA943005517CB /* LoginView.swift */ = {isa = PBXFileReference; lastKnownFileType = sourcecode.swift; path = LoginView.swift; sourceTree = "<group>"; };
		A74D20D928D6C30D00AAB2BE /* OKRList.swift */ = {isa = PBXFileReference; fileEncoding = 4; lastKnownFileType = sourcecode.swift; path = OKRList.swift; sourceTree = "<group>"; };
		A74D20DA28D6C30D00AAB2BE /* NavigationConfigurator.swift */ = {isa = PBXFileReference; fileEncoding = 4; lastKnownFileType = sourcecode.swift; path = NavigationConfigurator.swift; sourceTree = "<group>"; };
		A74D20DB28D6C30D00AAB2BE /* OKRDetail.swift */ = {isa = PBXFileReference; fileEncoding = 4; lastKnownFileType = sourcecode.swift; path = OKRDetail.swift; sourceTree = "<group>"; };
		A74D20DC28D6C30D00AAB2BE /* OKRRow.swift */ = {isa = PBXFileReference; fileEncoding = 4; lastKnownFileType = sourcecode.swift; path = OKRRow.swift; sourceTree = "<group>"; };
		A74D20DD28D6C30D00AAB2BE /* OKRListViewModel.swift */ = {isa = PBXFileReference; fileEncoding = 4; lastKnownFileType = sourcecode.swift; path = OKRListViewModel.swift; sourceTree = "<group>"; };
		A74D20DE28D6C30D00AAB2BE /* ContentView.swift */ = {isa = PBXFileReference; fileEncoding = 4; lastKnownFileType = sourcecode.swift; path = ContentView.swift; sourceTree = "<group>"; };
		A76E5D6E28B6739100AF82E2 /* OKR.swift */ = {isa = PBXFileReference; lastKnownFileType = sourcecode.swift; path = OKR.swift; sourceTree = "<group>"; };
		A76E5D7A28B68CF500AF82E2 /* Assets.xcassets */ = {isa = PBXFileReference; lastKnownFileType = folder.assetcatalog; name = Assets.xcassets; path = ../../../../Downloads/AppIcons/Assets.xcassets; sourceTree = "<group>"; };
		A7948F4528F679F600543ABE /* KeyResult.swift */ = {isa = PBXFileReference; lastKnownFileType = sourcecode.swift; path = KeyResult.swift; sourceTree = "<group>"; };
		A7E31C1028E82D8B005BF121 /* CustomDialog.swift */ = {isa = PBXFileReference; fileEncoding = 4; lastKnownFileType = sourcecode.swift; name = CustomDialog.swift; path = OKArrrr/presentation/dialog/CustomDialog.swift; sourceTree = SOURCE_ROOT; };
		A7E31C1228E82D9E005BF121 /* KeyResultDetailView.swift */ = {isa = PBXFileReference; fileEncoding = 4; lastKnownFileType = sourcecode.swift; name = KeyResultDetailView.swift; path = OKArrrr/KeyResultDetailView.swift; sourceTree = SOURCE_ROOT; };
		A7E31C1328E82D9E005BF121 /* DialogContent.swift */ = {isa = PBXFileReference; fileEncoding = 4; lastKnownFileType = sourcecode.swift; name = DialogContent.swift; path = OKArrrr/presentation/dialog/DialogContent.swift; sourceTree = SOURCE_ROOT; };
		A7E31C1428E82D9E005BF121 /* DialogPresentation.swift */ = {isa = PBXFileReference; fileEncoding = 4; lastKnownFileType = sourcecode.swift; name = DialogPresentation.swift; path = OKArrrr/presentation/dialog/DialogPresentation.swift; sourceTree = SOURCE_ROOT; };
		A869D61C5468FB19D3B6B224 /* Pods_OKArrrrTests.framework */ = {isa = PBXFileReference; explicitFileType = wrapper.framework; includeInIndex = 0; path = Pods_OKArrrrTests.framework; sourceTree = BUILT_PRODUCTS_DIR; };
		BCC054ABA2190EAB9456142C /* Pods-OKArrrrTests.debug.xcconfig */ = {isa = PBXFileReference; includeInIndex = 1; lastKnownFileType = text.xcconfig; name = "Pods-OKArrrrTests.debug.xcconfig"; path = "Target Support Files/Pods-OKArrrrTests/Pods-OKArrrrTests.debug.xcconfig"; sourceTree = "<group>"; };
		E28BF18CB7018D2BB73A1A19 /* Pods-OKArrrrTests.release.xcconfig */ = {isa = PBXFileReference; includeInIndex = 1; lastKnownFileType = text.xcconfig; name = "Pods-OKArrrrTests.release.xcconfig"; path = "Target Support Files/Pods-OKArrrrTests/Pods-OKArrrrTests.release.xcconfig"; sourceTree = "<group>"; };
/* End PBXFileReference section */

/* Begin PBXFrameworksBuildPhase section */
		A7286AD828B66F2900228526 /* Frameworks */ = {
			isa = PBXFrameworksBuildPhase;
			buildActionMask = 2147483647;
			files = (
				1119ED3636B201F257273A8A /* Pods_OKArrrr.framework in Frameworks */,
			);
			runOnlyForDeploymentPostprocessing = 0;
		};
		A7286AE828B66F2B00228526 /* Frameworks */ = {
			isa = PBXFrameworksBuildPhase;
			buildActionMask = 2147483647;
			files = (
				CCE6F1E419C0173C517B7801 /* Pods_OKArrrrTests.framework in Frameworks */,
			);
			runOnlyForDeploymentPostprocessing = 0;
		};
		A7286AF228B66F2B00228526 /* Frameworks */ = {
			isa = PBXFrameworksBuildPhase;
			buildActionMask = 2147483647;
			files = (
				C7785D826166153A62044488 /* Pods_OKArrrr_OKArrrrUITests.framework in Frameworks */,
			);
			runOnlyForDeploymentPostprocessing = 0;
		};
/* End PBXFrameworksBuildPhase section */

/* Begin PBXGroup section */
		A7071D8B28CD88170097709E /* dto */ = {
			isa = PBXGroup;
			children = (
				A7071D8C28CD88170097709E /* KeyResultRemote.swift */,
				A7071D8D28CD88170097709E /* OKRRemote.swift */,
			);
			path = dto;
			sourceTree = "<group>";
		};
		A7241BD728B9C28700326683 /* data */ = {
			isa = PBXGroup;
			children = (
				A7241BDA28B9C2A800326683 /* repository */,
				A7241BD928B9C29F00326683 /* local */,
				A7241BD828B9C29100326683 /* network */,
			);
			path = data;
			sourceTree = "<group>";
		};
		A7241BD828B9C29100326683 /* network */ = {
			isa = PBXGroup;
			children = (
				A7071D8B28CD88170097709E /* dto */,
				A7071D8A28CD88170097709E /* KeyResultService.swift */,
				A7071D8928CD88170097709E /* OKRService.swift */,
				A7071D8E28CD88170097709E /* ServiceUtils.swift */,
			);
			path = network;
			sourceTree = "<group>";
		};
		A7241BD928B9C29F00326683 /* local */ = {
			isa = PBXGroup;
			children = (
				A7241BDB28B9C2C800326683 /* OKRLocal.swift */,
				A7241BDD28B9C53800326683 /* OKRDatabase.swift */,
			);
			path = local;
			sourceTree = "<group>";
		};
		A7241BDA28B9C2A800326683 /* repository */ = {
			isa = PBXGroup;
			children = (
				A7241BE228B9F89200326683 /* OKRRepositoryImpl.swift */,
			);
			path = repository;
			sourceTree = "<group>";
		};
		A7241BDF28B9F6CB00326683 /* repository */ = {
			isa = PBXGroup;
			children = (
				A7241BE028B9F6E500326683 /* OKRRepository.swift */,
			);
			path = repository;
			sourceTree = "<group>";
		};
		A7286AD228B66F2900228526 = {
			isa = PBXGroup;
			children = (
				A7286ADD28B66F2900228526 /* OKArrrr */,
				A7286AEE28B66F2B00228526 /* OKArrrrTests */,
				A7286AF828B66F2B00228526 /* OKArrrrUITests */,
				A7286ADC28B66F2900228526 /* Products */,
				EE7C62A8F0CB83395F7F7B5D /* Pods */,
				ECDBAD97FEBECCBCA912907B /* Frameworks */,
			);
			sourceTree = "<group>";
		};
		A7286ADC28B66F2900228526 /* Products */ = {
			isa = PBXGroup;
			children = (
				A7286ADB28B66F2900228526 /* OKArrrr.app */,
				A7286AEB28B66F2B00228526 /* OKArrrrTests.xctest */,
				A7286AF528B66F2B00228526 /* OKArrrrUITests.xctest */,
			);
			name = Products;
			sourceTree = "<group>";
		};
		A7286ADD28B66F2900228526 /* OKArrrr */ = {
			isa = PBXGroup;
			children = (
				A74D20D828D6C1F700AAB2BE /* presentation */,
				A7241BD728B9C28700326683 /* data */,
				A76E5D6D28B6737B00AF82E2 /* model */,
				A7286ADE28B66F2900228526 /* OKArrrrApp.swift */,
				A76E5D7A28B68CF500AF82E2 /* Assets.xcassets */,
				A7286AE428B66F2B00228526 /* Preview Content */,
			);
			path = OKArrrr;
			sourceTree = "<group>";
		};
		A7286AE428B66F2B00228526 /* Preview Content */ = {
			isa = PBXGroup;
			children = (
				A7286AE528B66F2B00228526 /* Preview Assets.xcassets */,
			);
			path = "Preview Content";
			sourceTree = "<group>";
		};
		A7286AEE28B66F2B00228526 /* OKArrrrTests */ = {
			isa = PBXGroup;
			children = (
				A7286AEF28B66F2B00228526 /* OKArrrrTests.swift */,
			);
			path = OKArrrrTests;
			sourceTree = "<group>";
		};
		A7286AF828B66F2B00228526 /* OKArrrrUITests */ = {
			isa = PBXGroup;
			children = (
				A7286AF928B66F2B00228526 /* OKArrrrUITests.swift */,
				A7286AFB28B66F2B00228526 /* OKArrrrUITestsLaunchTests.swift */,
			);
			path = OKArrrrUITests;
			sourceTree = "<group>";
		};
		A74D20D828D6C1F700AAB2BE /* presentation */ = {
			isa = PBXGroup;
			children = (
				A7E31C1828E82E0A005BF121 /* dialog */,
				A7E31C1228E82D9E005BF121 /* KeyResultDetailView.swift */,
				A74D20DE28D6C30D00AAB2BE /* ContentView.swift */,
				A74D20DA28D6C30D00AAB2BE /* NavigationConfigurator.swift */,
				A74D20DB28D6C30D00AAB2BE /* OKRDetail.swift */,
				A74D20D928D6C30D00AAB2BE /* OKRList.swift */,
				A74D20DD28D6C30D00AAB2BE /* OKRListViewModel.swift */,
				A74D20DC28D6C30D00AAB2BE /* OKRRow.swift */,
				A7397CB028DEA943005517CB /* LoginView.swift */,
			);
			path = presentation;
			sourceTree = "<group>";
		};
		A76E5D6D28B6737B00AF82E2 /* model */ = {
			isa = PBXGroup;
			children = (
				A7241BDF28B9F6CB00326683 /* repository */,
				A76E5D6E28B6739100AF82E2 /* OKR.swift */,
				A7948F4528F679F600543ABE /* KeyResult.swift */,
			);
			path = model;
			sourceTree = "<group>";
		};
		A7E31C1828E82E0A005BF121 /* dialog */ = {
			isa = PBXGroup;
			children = (
				A7E31C1328E82D9E005BF121 /* DialogContent.swift */,
				A7E31C1028E82D8B005BF121 /* CustomDialog.swift */,
				A7E31C1428E82D9E005BF121 /* DialogPresentation.swift */,
			);
			path = dialog;
			sourceTree = "<group>";
		};
		ECDBAD97FEBECCBCA912907B /* Frameworks */ = {
			isa = PBXGroup;
			children = (
				157540E27FEFD888C0201D1C /* Pods_OKArrrr.framework */,
				9FB27CBFD67F3B6774705A46 /* Pods_OKArrrr_OKArrrrUITests.framework */,
				A869D61C5468FB19D3B6B224 /* Pods_OKArrrrTests.framework */,
			);
			name = Frameworks;
			sourceTree = "<group>";
		};
		EE7C62A8F0CB83395F7F7B5D /* Pods */ = {
			isa = PBXGroup;
			children = (
				91103749CEBE92AE6D93C402 /* Pods-OKArrrr.debug.xcconfig */,
				7C5362DC236D78A4B220148C /* Pods-OKArrrr.release.xcconfig */,
				50DE01150AA67AB1F42A8FA7 /* Pods-OKArrrr-OKArrrrUITests.debug.xcconfig */,
				45A6C0EF62EE3118E5E9D6D1 /* Pods-OKArrrr-OKArrrrUITests.release.xcconfig */,
				BCC054ABA2190EAB9456142C /* Pods-OKArrrrTests.debug.xcconfig */,
				E28BF18CB7018D2BB73A1A19 /* Pods-OKArrrrTests.release.xcconfig */,
			);
			path = Pods;
			sourceTree = "<group>";
		};
/* End PBXGroup section */

/* Begin PBXNativeTarget section */
		A7286ADA28B66F2900228526 /* OKArrrr */ = {
			isa = PBXNativeTarget;
			buildConfigurationList = A7286AFF28B66F2B00228526 /* Build configuration list for PBXNativeTarget "OKArrrr" */;
			buildPhases = (
				6D2BF645C339C6B08C33FCE9 /* [CP] Check Pods Manifest.lock */,
				A7286AD728B66F2900228526 /* Sources */,
				A7286AD828B66F2900228526 /* Frameworks */,
				A7286AD928B66F2900228526 /* Resources */,
				33FA3112F430B1B2CBB52936 /* [CP] Embed Pods Frameworks */,
			);
			buildRules = (
			);
			dependencies = (
			);
			name = OKArrrr;
			productName = OKArrrr;
			productReference = A7286ADB28B66F2900228526 /* OKArrrr.app */;
			productType = "com.apple.product-type.application";
		};
		A7286AEA28B66F2B00228526 /* OKArrrrTests */ = {
			isa = PBXNativeTarget;
			buildConfigurationList = A7286B0228B66F2B00228526 /* Build configuration list for PBXNativeTarget "OKArrrrTests" */;
			buildPhases = (
				ABDC47F970E9941636C4FD08 /* [CP] Check Pods Manifest.lock */,
				A7286AE728B66F2B00228526 /* Sources */,
				A7286AE828B66F2B00228526 /* Frameworks */,
				A7286AE928B66F2B00228526 /* Resources */,
			);
			buildRules = (
			);
			dependencies = (
				A7286AED28B66F2B00228526 /* PBXTargetDependency */,
			);
			name = OKArrrrTests;
			productName = OKArrrrTests;
			productReference = A7286AEB28B66F2B00228526 /* OKArrrrTests.xctest */;
			productType = "com.apple.product-type.bundle.unit-test";
		};
		A7286AF428B66F2B00228526 /* OKArrrrUITests */ = {
			isa = PBXNativeTarget;
			buildConfigurationList = A7286B0528B66F2B00228526 /* Build configuration list for PBXNativeTarget "OKArrrrUITests" */;
			buildPhases = (
				2ECF4EC7B414773BEAC94AED /* [CP] Check Pods Manifest.lock */,
				A7286AF128B66F2B00228526 /* Sources */,
				A7286AF228B66F2B00228526 /* Frameworks */,
				A7286AF328B66F2B00228526 /* Resources */,
				3089F5046B95E468BC87F5F5 /* [CP] Embed Pods Frameworks */,
			);
			buildRules = (
			);
			dependencies = (
				A7286AF728B66F2B00228526 /* PBXTargetDependency */,
			);
			name = OKArrrrUITests;
			productName = OKArrrrUITests;
			productReference = A7286AF528B66F2B00228526 /* OKArrrrUITests.xctest */;
			productType = "com.apple.product-type.bundle.ui-testing";
		};
/* End PBXNativeTarget section */

/* Begin PBXProject section */
		A7286AD328B66F2900228526 /* Project object */ = {
			isa = PBXProject;
			attributes = {
				BuildIndependentTargetsInParallel = 1;
				LastSwiftUpdateCheck = 1320;
				LastUpgradeCheck = 1320;
				TargetAttributes = {
					A7286ADA28B66F2900228526 = {
						CreatedOnToolsVersion = 13.2.1;
					};
					A7286AEA28B66F2B00228526 = {
						CreatedOnToolsVersion = 13.2.1;
						TestTargetID = A7286ADA28B66F2900228526;
					};
					A7286AF428B66F2B00228526 = {
						CreatedOnToolsVersion = 13.2.1;
						TestTargetID = A7286ADA28B66F2900228526;
					};
				};
			};
			buildConfigurationList = A7286AD628B66F2900228526 /* Build configuration list for PBXProject "OKArrrr" */;
			compatibilityVersion = "Xcode 13.0";
			developmentRegion = en;
			hasScannedForEncodings = 0;
			knownRegions = (
				en,
				Base,
			);
			mainGroup = A7286AD228B66F2900228526;
			productRefGroup = A7286ADC28B66F2900228526 /* Products */;
			projectDirPath = "";
			projectRoot = "";
			targets = (
				A7286ADA28B66F2900228526 /* OKArrrr */,
				A7286AEA28B66F2B00228526 /* OKArrrrTests */,
				A7286AF428B66F2B00228526 /* OKArrrrUITests */,
			);
		};
/* End PBXProject section */

/* Begin PBXResourcesBuildPhase section */
		A7286AD928B66F2900228526 /* Resources */ = {
			isa = PBXResourcesBuildPhase;
			buildActionMask = 2147483647;
			files = (
				A7286AE628B66F2B00228526 /* Preview Assets.xcassets in Resources */,
				A76E5D7B28B68CF500AF82E2 /* Assets.xcassets in Resources */,
			);
			runOnlyForDeploymentPostprocessing = 0;
		};
		A7286AE928B66F2B00228526 /* Resources */ = {
			isa = PBXResourcesBuildPhase;
			buildActionMask = 2147483647;
			files = (
			);
			runOnlyForDeploymentPostprocessing = 0;
		};
		A7286AF328B66F2B00228526 /* Resources */ = {
			isa = PBXResourcesBuildPhase;
			buildActionMask = 2147483647;
			files = (
			);
			runOnlyForDeploymentPostprocessing = 0;
		};
/* End PBXResourcesBuildPhase section */

/* Begin PBXShellScriptBuildPhase section */
		2ECF4EC7B414773BEAC94AED /* [CP] Check Pods Manifest.lock */ = {
			isa = PBXShellScriptBuildPhase;
			buildActionMask = 2147483647;
			files = (
			);
			inputFileListPaths = (
			);
			inputPaths = (
				"${PODS_PODFILE_DIR_PATH}/Podfile.lock",
				"${PODS_ROOT}/Manifest.lock",
			);
			name = "[CP] Check Pods Manifest.lock";
			outputFileListPaths = (
			);
			outputPaths = (
				"$(DERIVED_FILE_DIR)/Pods-OKArrrr-OKArrrrUITests-checkManifestLockResult.txt",
			);
			runOnlyForDeploymentPostprocessing = 0;
			shellPath = /bin/sh;
			shellScript = "diff \"${PODS_PODFILE_DIR_PATH}/Podfile.lock\" \"${PODS_ROOT}/Manifest.lock\" > /dev/null\nif [ $? != 0 ] ; then\n    # print error to STDERR\n    echo \"error: The sandbox is not in sync with the Podfile.lock. Run 'pod install' or update your CocoaPods installation.\" >&2\n    exit 1\nfi\n# This output is used by Xcode 'outputs' to avoid re-running this script phase.\necho \"SUCCESS\" > \"${SCRIPT_OUTPUT_FILE_0}\"\n";
			showEnvVarsInLog = 0;
		};
		3089F5046B95E468BC87F5F5 /* [CP] Embed Pods Frameworks */ = {
			isa = PBXShellScriptBuildPhase;
			buildActionMask = 2147483647;
			files = (
			);
			inputFileListPaths = (
				"${PODS_ROOT}/Target Support Files/Pods-OKArrrr-OKArrrrUITests/Pods-OKArrrr-OKArrrrUITests-frameworks-${CONFIGURATION}-input-files.xcfilelist",
			);
			name = "[CP] Embed Pods Frameworks";
			outputFileListPaths = (
				"${PODS_ROOT}/Target Support Files/Pods-OKArrrr-OKArrrrUITests/Pods-OKArrrr-OKArrrrUITests-frameworks-${CONFIGURATION}-output-files.xcfilelist",
			);
			runOnlyForDeploymentPostprocessing = 0;
			shellPath = /bin/sh;
			shellScript = "\"${PODS_ROOT}/Target Support Files/Pods-OKArrrr-OKArrrrUITests/Pods-OKArrrr-OKArrrrUITests-frameworks.sh\"\n";
			showEnvVarsInLog = 0;
		};
		33FA3112F430B1B2CBB52936 /* [CP] Embed Pods Frameworks */ = {
			isa = PBXShellScriptBuildPhase;
			buildActionMask = 2147483647;
			files = (
			);
			inputFileListPaths = (
				"${PODS_ROOT}/Target Support Files/Pods-OKArrrr/Pods-OKArrrr-frameworks-${CONFIGURATION}-input-files.xcfilelist",
			);
			name = "[CP] Embed Pods Frameworks";
			outputFileListPaths = (
				"${PODS_ROOT}/Target Support Files/Pods-OKArrrr/Pods-OKArrrr-frameworks-${CONFIGURATION}-output-files.xcfilelist",
			);
			runOnlyForDeploymentPostprocessing = 0;
			shellPath = /bin/sh;
			shellScript = "\"${PODS_ROOT}/Target Support Files/Pods-OKArrrr/Pods-OKArrrr-frameworks.sh\"\n";
			showEnvVarsInLog = 0;
		};
		6D2BF645C339C6B08C33FCE9 /* [CP] Check Pods Manifest.lock */ = {
			isa = PBXShellScriptBuildPhase;
			buildActionMask = 2147483647;
			files = (
			);
			inputFileListPaths = (
			);
			inputPaths = (
				"${PODS_PODFILE_DIR_PATH}/Podfile.lock",
				"${PODS_ROOT}/Manifest.lock",
			);
			name = "[CP] Check Pods Manifest.lock";
			outputFileListPaths = (
			);
			outputPaths = (
				"$(DERIVED_FILE_DIR)/Pods-OKArrrr-checkManifestLockResult.txt",
			);
			runOnlyForDeploymentPostprocessing = 0;
			shellPath = /bin/sh;
			shellScript = "diff \"${PODS_PODFILE_DIR_PATH}/Podfile.lock\" \"${PODS_ROOT}/Manifest.lock\" > /dev/null\nif [ $? != 0 ] ; then\n    # print error to STDERR\n    echo \"error: The sandbox is not in sync with the Podfile.lock. Run 'pod install' or update your CocoaPods installation.\" >&2\n    exit 1\nfi\n# This output is used by Xcode 'outputs' to avoid re-running this script phase.\necho \"SUCCESS\" > \"${SCRIPT_OUTPUT_FILE_0}\"\n";
			showEnvVarsInLog = 0;
		};
		ABDC47F970E9941636C4FD08 /* [CP] Check Pods Manifest.lock */ = {
			isa = PBXShellScriptBuildPhase;
			buildActionMask = 2147483647;
			files = (
			);
			inputFileListPaths = (
			);
			inputPaths = (
				"${PODS_PODFILE_DIR_PATH}/Podfile.lock",
				"${PODS_ROOT}/Manifest.lock",
			);
			name = "[CP] Check Pods Manifest.lock";
			outputFileListPaths = (
			);
			outputPaths = (
				"$(DERIVED_FILE_DIR)/Pods-OKArrrrTests-checkManifestLockResult.txt",
			);
			runOnlyForDeploymentPostprocessing = 0;
			shellPath = /bin/sh;
			shellScript = "diff \"${PODS_PODFILE_DIR_PATH}/Podfile.lock\" \"${PODS_ROOT}/Manifest.lock\" > /dev/null\nif [ $? != 0 ] ; then\n    # print error to STDERR\n    echo \"error: The sandbox is not in sync with the Podfile.lock. Run 'pod install' or update your CocoaPods installation.\" >&2\n    exit 1\nfi\n# This output is used by Xcode 'outputs' to avoid re-running this script phase.\necho \"SUCCESS\" > \"${SCRIPT_OUTPUT_FILE_0}\"\n";
			showEnvVarsInLog = 0;
		};
/* End PBXShellScriptBuildPhase section */

/* Begin PBXSourcesBuildPhase section */
		A7286AD728B66F2900228526 /* Sources */ = {
			isa = PBXSourcesBuildPhase;
			buildActionMask = 2147483647;
			files = (
				A7071D9028CD88170097709E /* KeyResultService.swift in Sources */,
				A7241BDC28B9C2C800326683 /* OKRLocal.swift in Sources */,
				A74D20DF28D6C30D00AAB2BE /* OKRList.swift in Sources */,
				A7071D9228CD88170097709E /* OKRRemote.swift in Sources */,
				A7241BE328B9F89200326683 /* OKRRepositoryImpl.swift in Sources */,
				A76E5D6F28B6739100AF82E2 /* OKR.swift in Sources */,
				A7948F4628F679F600543ABE /* KeyResult.swift in Sources */,
				A7071D9328CD88170097709E /* ServiceUtils.swift in Sources */,
				A74D20E328D6C30D00AAB2BE /* OKRListViewModel.swift in Sources */,
				A7071D9128CD88170097709E /* KeyResultRemote.swift in Sources */,
				A7286ADF28B66F2900228526 /* OKArrrrApp.swift in Sources */,
				A7071D8F28CD88170097709E /* OKRService.swift in Sources */,
				A7E31C1728E82D9E005BF121 /* DialogPresentation.swift in Sources */,
				A74D20E228D6C30D00AAB2BE /* OKRRow.swift in Sources */,
				A7397CB128DEA943005517CB /* LoginView.swift in Sources */,
				A7241BDE28B9C53800326683 /* OKRDatabase.swift in Sources */,
				A7E31C1628E82D9E005BF121 /* DialogContent.swift in Sources */,
				A7E31C1528E82D9E005BF121 /* KeyResultDetailView.swift in Sources */,
				A74D20E428D6C30D00AAB2BE /* ContentView.swift in Sources */,
				A74D20E028D6C30D00AAB2BE /* NavigationConfigurator.swift in Sources */,
				A7241BE128B9F6E500326683 /* OKRRepository.swift in Sources */,
				A74D20E128D6C30D00AAB2BE /* OKRDetail.swift in Sources */,
				A7E31C1128E82D8B005BF121 /* CustomDialog.swift in Sources */,
			);
			runOnlyForDeploymentPostprocessing = 0;
		};
		A7286AE728B66F2B00228526 /* Sources */ = {
			isa = PBXSourcesBuildPhase;
			buildActionMask = 2147483647;
			files = (
				A7286AF028B66F2B00228526 /* OKArrrrTests.swift in Sources */,
			);
			runOnlyForDeploymentPostprocessing = 0;
		};
		A7286AF128B66F2B00228526 /* Sources */ = {
			isa = PBXSourcesBuildPhase;
			buildActionMask = 2147483647;
			files = (
				A7286AFC28B66F2B00228526 /* OKArrrrUITestsLaunchTests.swift in Sources */,
				A7286AFA28B66F2B00228526 /* OKArrrrUITests.swift in Sources */,
			);
			runOnlyForDeploymentPostprocessing = 0;
		};
/* End PBXSourcesBuildPhase section */

/* Begin PBXTargetDependency section */
		A7286AED28B66F2B00228526 /* PBXTargetDependency */ = {
			isa = PBXTargetDependency;
			target = A7286ADA28B66F2900228526 /* OKArrrr */;
			targetProxy = A7286AEC28B66F2B00228526 /* PBXContainerItemProxy */;
		};
		A7286AF728B66F2B00228526 /* PBXTargetDependency */ = {
			isa = PBXTargetDependency;
			target = A7286ADA28B66F2900228526 /* OKArrrr */;
			targetProxy = A7286AF628B66F2B00228526 /* PBXContainerItemProxy */;
		};
/* End PBXTargetDependency section */

/* Begin XCBuildConfiguration section */
		A7286AFD28B66F2B00228526 /* Debug */ = {
			isa = XCBuildConfiguration;
			buildSettings = {
				ALWAYS_SEARCH_USER_PATHS = NO;
				CLANG_ANALYZER_NONNULL = YES;
				CLANG_ANALYZER_NUMBER_OBJECT_CONVERSION = YES_AGGRESSIVE;
				CLANG_CXX_LANGUAGE_STANDARD = "gnu++17";
				CLANG_CXX_LIBRARY = "libc++";
				CLANG_ENABLE_MODULES = YES;
				CLANG_ENABLE_OBJC_ARC = YES;
				CLANG_ENABLE_OBJC_WEAK = YES;
				CLANG_WARN_BLOCK_CAPTURE_AUTORELEASING = YES;
				CLANG_WARN_BOOL_CONVERSION = YES;
				CLANG_WARN_COMMA = YES;
				CLANG_WARN_CONSTANT_CONVERSION = YES;
				CLANG_WARN_DEPRECATED_OBJC_IMPLEMENTATIONS = YES;
				CLANG_WARN_DIRECT_OBJC_ISA_USAGE = YES_ERROR;
				CLANG_WARN_DOCUMENTATION_COMMENTS = YES;
				CLANG_WARN_EMPTY_BODY = YES;
				CLANG_WARN_ENUM_CONVERSION = YES;
				CLANG_WARN_INFINITE_RECURSION = YES;
				CLANG_WARN_INT_CONVERSION = YES;
				CLANG_WARN_NON_LITERAL_NULL_CONVERSION = YES;
				CLANG_WARN_OBJC_IMPLICIT_RETAIN_SELF = YES;
				CLANG_WARN_OBJC_LITERAL_CONVERSION = YES;
				CLANG_WARN_OBJC_ROOT_CLASS = YES_ERROR;
				CLANG_WARN_QUOTED_INCLUDE_IN_FRAMEWORK_HEADER = YES;
				CLANG_WARN_RANGE_LOOP_ANALYSIS = YES;
				CLANG_WARN_STRICT_PROTOTYPES = YES;
				CLANG_WARN_SUSPICIOUS_MOVE = YES;
				CLANG_WARN_UNGUARDED_AVAILABILITY = YES_AGGRESSIVE;
				CLANG_WARN_UNREACHABLE_CODE = YES;
				CLANG_WARN__DUPLICATE_METHOD_MATCH = YES;
				COPY_PHASE_STRIP = NO;
				DEBUG_INFORMATION_FORMAT = dwarf;
				ENABLE_STRICT_OBJC_MSGSEND = YES;
				ENABLE_TESTABILITY = YES;
				GCC_C_LANGUAGE_STANDARD = gnu11;
				GCC_DYNAMIC_NO_PIC = NO;
				GCC_NO_COMMON_BLOCKS = YES;
				GCC_OPTIMIZATION_LEVEL = 0;
				GCC_PREPROCESSOR_DEFINITIONS = (
					"DEBUG=1",
					"$(inherited)",
				);
				GCC_WARN_64_TO_32_BIT_CONVERSION = YES;
				GCC_WARN_ABOUT_RETURN_TYPE = YES_ERROR;
				GCC_WARN_UNDECLARED_SELECTOR = YES;
				GCC_WARN_UNINITIALIZED_AUTOS = YES_AGGRESSIVE;
				GCC_WARN_UNUSED_FUNCTION = YES;
				GCC_WARN_UNUSED_VARIABLE = YES;
				IPHONEOS_DEPLOYMENT_TARGET = 15.2;
				MTL_ENABLE_DEBUG_INFO = INCLUDE_SOURCE;
				MTL_FAST_MATH = YES;
				ONLY_ACTIVE_ARCH = YES;
				SDKROOT = iphoneos;
				SWIFT_ACTIVE_COMPILATION_CONDITIONS = DEBUG;
				SWIFT_OPTIMIZATION_LEVEL = "-Onone";
			};
			name = Debug;
		};
		A7286AFE28B66F2B00228526 /* Release */ = {
			isa = XCBuildConfiguration;
			buildSettings = {
				ALWAYS_SEARCH_USER_PATHS = NO;
				CLANG_ANALYZER_NONNULL = YES;
				CLANG_ANALYZER_NUMBER_OBJECT_CONVERSION = YES_AGGRESSIVE;
				CLANG_CXX_LANGUAGE_STANDARD = "gnu++17";
				CLANG_CXX_LIBRARY = "libc++";
				CLANG_ENABLE_MODULES = YES;
				CLANG_ENABLE_OBJC_ARC = YES;
				CLANG_ENABLE_OBJC_WEAK = YES;
				CLANG_WARN_BLOCK_CAPTURE_AUTORELEASING = YES;
				CLANG_WARN_BOOL_CONVERSION = YES;
				CLANG_WARN_COMMA = YES;
				CLANG_WARN_CONSTANT_CONVERSION = YES;
				CLANG_WARN_DEPRECATED_OBJC_IMPLEMENTATIONS = YES;
				CLANG_WARN_DIRECT_OBJC_ISA_USAGE = YES_ERROR;
				CLANG_WARN_DOCUMENTATION_COMMENTS = YES;
				CLANG_WARN_EMPTY_BODY = YES;
				CLANG_WARN_ENUM_CONVERSION = YES;
				CLANG_WARN_INFINITE_RECURSION = YES;
				CLANG_WARN_INT_CONVERSION = YES;
				CLANG_WARN_NON_LITERAL_NULL_CONVERSION = YES;
				CLANG_WARN_OBJC_IMPLICIT_RETAIN_SELF = YES;
				CLANG_WARN_OBJC_LITERAL_CONVERSION = YES;
				CLANG_WARN_OBJC_ROOT_CLASS = YES_ERROR;
				CLANG_WARN_QUOTED_INCLUDE_IN_FRAMEWORK_HEADER = YES;
				CLANG_WARN_RANGE_LOOP_ANALYSIS = YES;
				CLANG_WARN_STRICT_PROTOTYPES = YES;
				CLANG_WARN_SUSPICIOUS_MOVE = YES;
				CLANG_WARN_UNGUARDED_AVAILABILITY = YES_AGGRESSIVE;
				CLANG_WARN_UNREACHABLE_CODE = YES;
				CLANG_WARN__DUPLICATE_METHOD_MATCH = YES;
				COPY_PHASE_STRIP = NO;
				DEBUG_INFORMATION_FORMAT = "dwarf-with-dsym";
				ENABLE_NS_ASSERTIONS = NO;
				ENABLE_STRICT_OBJC_MSGSEND = YES;
				GCC_C_LANGUAGE_STANDARD = gnu11;
				GCC_NO_COMMON_BLOCKS = YES;
				GCC_WARN_64_TO_32_BIT_CONVERSION = YES;
				GCC_WARN_ABOUT_RETURN_TYPE = YES_ERROR;
				GCC_WARN_UNDECLARED_SELECTOR = YES;
				GCC_WARN_UNINITIALIZED_AUTOS = YES_AGGRESSIVE;
				GCC_WARN_UNUSED_FUNCTION = YES;
				GCC_WARN_UNUSED_VARIABLE = YES;
				IPHONEOS_DEPLOYMENT_TARGET = 15.2;
				MTL_ENABLE_DEBUG_INFO = NO;
				MTL_FAST_MATH = YES;
				SDKROOT = iphoneos;
				SWIFT_COMPILATION_MODE = wholemodule;
				SWIFT_OPTIMIZATION_LEVEL = "-O";
				VALIDATE_PRODUCT = YES;
			};
			name = Release;
		};
		A7286B0028B66F2B00228526 /* Debug */ = {
			isa = XCBuildConfiguration;
			baseConfigurationReference = 91103749CEBE92AE6D93C402 /* Pods-OKArrrr.debug.xcconfig */;
			buildSettings = {
				ASSETCATALOG_COMPILER_APPICON_NAME = AppIcon;
				ASSETCATALOG_COMPILER_GLOBAL_ACCENT_COLOR_NAME = AccentColor;
				CODE_SIGN_STYLE = Automatic;
				CURRENT_PROJECT_VERSION = 1;
				DEVELOPMENT_ASSET_PATHS = "\"OKArrrr/Preview Content\"";
				ENABLE_PREVIEWS = YES;
				GENERATE_INFOPLIST_FILE = YES;
				INFOPLIST_KEY_UIApplicationSceneManifest_Generation = YES;
				INFOPLIST_KEY_UIApplicationSupportsIndirectInputEvents = YES;
				INFOPLIST_KEY_UILaunchScreen_Generation = YES;
				INFOPLIST_KEY_UISupportedInterfaceOrientations_iPad = "UIInterfaceOrientationPortrait UIInterfaceOrientationPortraitUpsideDown UIInterfaceOrientationLandscapeLeft UIInterfaceOrientationLandscapeRight";
				INFOPLIST_KEY_UISupportedInterfaceOrientations_iPhone = "UIInterfaceOrientationPortrait UIInterfaceOrientationLandscapeLeft UIInterfaceOrientationLandscapeRight";
				IPHONEOS_DEPLOYMENT_TARGET = 15.0;
				LD_RUNPATH_SEARCH_PATHS = (
					"$(inherited)",
					"@executable_path/Frameworks",
				);
				MARKETING_VERSION = 1.0;
				PRODUCT_BUNDLE_IDENTIFIER = com.aibles.OKArrrr;
				PRODUCT_NAME = "$(TARGET_NAME)";
				SWIFT_EMIT_LOC_STRINGS = YES;
				SWIFT_VERSION = 5.0;
				TARGETED_DEVICE_FAMILY = "1,2";
			};
			name = Debug;
		};
		A7286B0128B66F2B00228526 /* Release */ = {
			isa = XCBuildConfiguration;
			baseConfigurationReference = 7C5362DC236D78A4B220148C /* Pods-OKArrrr.release.xcconfig */;
			buildSettings = {
				ASSETCATALOG_COMPILER_APPICON_NAME = AppIcon;
				ASSETCATALOG_COMPILER_GLOBAL_ACCENT_COLOR_NAME = AccentColor;
				CODE_SIGN_STYLE = Automatic;
				CURRENT_PROJECT_VERSION = 1;
				DEVELOPMENT_ASSET_PATHS = "\"OKArrrr/Preview Content\"";
				ENABLE_PREVIEWS = YES;
				GENERATE_INFOPLIST_FILE = YES;
				INFOPLIST_KEY_UIApplicationSceneManifest_Generation = YES;
				INFOPLIST_KEY_UIApplicationSupportsIndirectInputEvents = YES;
				INFOPLIST_KEY_UILaunchScreen_Generation = YES;
				INFOPLIST_KEY_UISupportedInterfaceOrientations_iPad = "UIInterfaceOrientationPortrait UIInterfaceOrientationPortraitUpsideDown UIInterfaceOrientationLandscapeLeft UIInterfaceOrientationLandscapeRight";
				INFOPLIST_KEY_UISupportedInterfaceOrientations_iPhone = "UIInterfaceOrientationPortrait UIInterfaceOrientationLandscapeLeft UIInterfaceOrientationLandscapeRight";
				IPHONEOS_DEPLOYMENT_TARGET = 15.0;
				LD_RUNPATH_SEARCH_PATHS = (
					"$(inherited)",
					"@executable_path/Frameworks",
				);
				MARKETING_VERSION = 1.0;
				PRODUCT_BUNDLE_IDENTIFIER = com.aibles.OKArrrr;
				PRODUCT_NAME = "$(TARGET_NAME)";
				SWIFT_EMIT_LOC_STRINGS = YES;
				SWIFT_VERSION = 5.0;
				TARGETED_DEVICE_FAMILY = "1,2";
			};
			name = Release;
		};
		A7286B0328B66F2B00228526 /* Debug */ = {
			isa = XCBuildConfiguration;
			baseConfigurationReference = BCC054ABA2190EAB9456142C /* Pods-OKArrrrTests.debug.xcconfig */;
			buildSettings = {
				ALWAYS_EMBED_SWIFT_STANDARD_LIBRARIES = YES;
				BUNDLE_LOADER = "$(TEST_HOST)";
				CODE_SIGN_STYLE = Automatic;
				CURRENT_PROJECT_VERSION = 1;
				GENERATE_INFOPLIST_FILE = YES;
				IPHONEOS_DEPLOYMENT_TARGET = 15.2;
				MARKETING_VERSION = 1.0;
				PRODUCT_BUNDLE_IDENTIFIER = com.aibles.OKArrrrTests;
				PRODUCT_NAME = "$(TARGET_NAME)";
				SWIFT_EMIT_LOC_STRINGS = NO;
				SWIFT_VERSION = 5.0;
				TARGETED_DEVICE_FAMILY = "1,2";
				TEST_HOST = "$(BUILT_PRODUCTS_DIR)/OKArrrr.app/OKArrrr";
			};
			name = Debug;
		};
		A7286B0428B66F2B00228526 /* Release */ = {
			isa = XCBuildConfiguration;
			baseConfigurationReference = E28BF18CB7018D2BB73A1A19 /* Pods-OKArrrrTests.release.xcconfig */;
			buildSettings = {
				ALWAYS_EMBED_SWIFT_STANDARD_LIBRARIES = YES;
				BUNDLE_LOADER = "$(TEST_HOST)";
				CODE_SIGN_STYLE = Automatic;
				CURRENT_PROJECT_VERSION = 1;
				GENERATE_INFOPLIST_FILE = YES;
				IPHONEOS_DEPLOYMENT_TARGET = 15.2;
				MARKETING_VERSION = 1.0;
				PRODUCT_BUNDLE_IDENTIFIER = com.aibles.OKArrrrTests;
				PRODUCT_NAME = "$(TARGET_NAME)";
				SWIFT_EMIT_LOC_STRINGS = NO;
				SWIFT_VERSION = 5.0;
				TARGETED_DEVICE_FAMILY = "1,2";
				TEST_HOST = "$(BUILT_PRODUCTS_DIR)/OKArrrr.app/OKArrrr";
			};
			name = Release;
		};
		A7286B0628B66F2B00228526 /* Debug */ = {
			isa = XCBuildConfiguration;
			baseConfigurationReference = 50DE01150AA67AB1F42A8FA7 /* Pods-OKArrrr-OKArrrrUITests.debug.xcconfig */;
			buildSettings = {
				ALWAYS_EMBED_SWIFT_STANDARD_LIBRARIES = YES;
				CODE_SIGN_STYLE = Automatic;
				CURRENT_PROJECT_VERSION = 1;
				GENERATE_INFOPLIST_FILE = YES;
				MARKETING_VERSION = 1.0;
				PRODUCT_BUNDLE_IDENTIFIER = com.aibles.OKArrrrUITests;
				PRODUCT_NAME = "$(TARGET_NAME)";
				SWIFT_EMIT_LOC_STRINGS = NO;
				SWIFT_VERSION = 5.0;
				TARGETED_DEVICE_FAMILY = "1,2";
				TEST_TARGET_NAME = OKArrrr;
			};
			name = Debug;
		};
		A7286B0728B66F2B00228526 /* Release */ = {
			isa = XCBuildConfiguration;
			baseConfigurationReference = 45A6C0EF62EE3118E5E9D6D1 /* Pods-OKArrrr-OKArrrrUITests.release.xcconfig */;
			buildSettings = {
				ALWAYS_EMBED_SWIFT_STANDARD_LIBRARIES = YES;
				CODE_SIGN_STYLE = Automatic;
				CURRENT_PROJECT_VERSION = 1;
				GENERATE_INFOPLIST_FILE = YES;
				MARKETING_VERSION = 1.0;
				PRODUCT_BUNDLE_IDENTIFIER = com.aibles.OKArrrrUITests;
				PRODUCT_NAME = "$(TARGET_NAME)";
				SWIFT_EMIT_LOC_STRINGS = NO;
				SWIFT_VERSION = 5.0;
				TARGETED_DEVICE_FAMILY = "1,2";
				TEST_TARGET_NAME = OKArrrr;
			};
			name = Release;
		};
/* End XCBuildConfiguration section */

/* Begin XCConfigurationList section */
		A7286AD628B66F2900228526 /* Build configuration list for PBXProject "OKArrrr" */ = {
			isa = XCConfigurationList;
			buildConfigurations = (
				A7286AFD28B66F2B00228526 /* Debug */,
				A7286AFE28B66F2B00228526 /* Release */,
			);
			defaultConfigurationIsVisible = 0;
			defaultConfigurationName = Release;
		};
		A7286AFF28B66F2B00228526 /* Build configuration list for PBXNativeTarget "OKArrrr" */ = {
			isa = XCConfigurationList;
			buildConfigurations = (
				A7286B0028B66F2B00228526 /* Debug */,
				A7286B0128B66F2B00228526 /* Release */,
			);
			defaultConfigurationIsVisible = 0;
			defaultConfigurationName = Release;
		};
		A7286B0228B66F2B00228526 /* Build configuration list for PBXNativeTarget "OKArrrrTests" */ = {
			isa = XCConfigurationList;
			buildConfigurations = (
				A7286B0328B66F2B00228526 /* Debug */,
				A7286B0428B66F2B00228526 /* Release */,
			);
			defaultConfigurationIsVisible = 0;
			defaultConfigurationName = Release;
		};
		A7286B0528B66F2B00228526 /* Build configuration list for PBXNativeTarget "OKArrrrUITests" */ = {
			isa = XCConfigurationList;
			buildConfigurations = (
				A7286B0628B66F2B00228526 /* Debug */,
				A7286B0728B66F2B00228526 /* Release */,
			);
			defaultConfigurationIsVisible = 0;
			defaultConfigurationName = Release;
		};
/* End XCConfigurationList section */
	};
	rootObject = A7286AD328B66F2900228526 /* Project object */;
}
