// !$*UTF8*$!
{
	archiveVersion = 1;
	classes = {
	};
	objectVersion = 55;
	objects = {

/* Begin PBXBuildFile section */
		A7286ADF28B66F2900228526 /* OKArrrrApp.swift in Sources */ = {isa = PBXBuildFile; fileRef = A7286ADE28B66F2900228526 /* OKArrrrApp.swift */; };
		A7286AE128B66F2900228526 /* ContentView.swift in Sources */ = {isa = PBXBuildFile; fileRef = A7286AE028B66F2900228526 /* ContentView.swift */; };
		A7286AE328B66F2B00228526 /* Assets.xcassets in Resources */ = {isa = PBXBuildFile; fileRef = A7286AE228B66F2B00228526 /* Assets.xcassets */; };
		A7286AE628B66F2B00228526 /* Preview Assets.xcassets in Resources */ = {isa = PBXBuildFile; fileRef = A7286AE528B66F2B00228526 /* Preview Assets.xcassets */; };
		A7286AF028B66F2B00228526 /* OKArrrrTests.swift in Sources */ = {isa = PBXBuildFile; fileRef = A7286AEF28B66F2B00228526 /* OKArrrrTests.swift */; };
		A7286AFA28B66F2B00228526 /* OKArrrrUITests.swift in Sources */ = {isa = PBXBuildFile; fileRef = A7286AF928B66F2B00228526 /* OKArrrrUITests.swift */; };
		A7286AFC28B66F2B00228526 /* OKArrrrUITestsLaunchTests.swift in Sources */ = {isa = PBXBuildFile; fileRef = A7286AFB28B66F2B00228526 /* OKArrrrUITestsLaunchTests.swift */; };
/* End PBXBuildFile section */

/* Begin PBXContainerItemProxy section */
		A7286AEC28B66F2B00228526 /* PBXContainerItemProxy */ = {
			isa = PBXContainerItemProxy;
			containerPortal = A7286AD328B66F2900228526 /* Project object */;
			proxyType = 1;
			remoteGlobalIDString = A7286ADA28B66F2900228526;
			remoteInfo = OKArrrr;
		};
		A7286AF628B66F2B00228526 /* PBXContainerItemProxy */ = {
			isa = PBXContainerItemProxy;
			containerPortal = A7286AD328B66F2900228526 /* Project object */;
			proxyType = 1;
			remoteGlobalIDString = A7286ADA28B66F2900228526;
			remoteInfo = OKArrrr;
		};
/* End PBXContainerItemProxy section */

/* Begin PBXFileReference section */
		A7286ADB28B66F2900228526 /* OKArrrr.app */ = {isa = PBXFileReference; explicitFileType = wrapper.application; includeInIndex = 0; path = OKArrrr.app; sourceTree = BUILT_PRODUCTS_DIR; };
		A7286ADE28B66F2900228526 /* OKArrrrApp.swift */ = {isa = PBXFileReference; lastKnownFileType = sourcecode.swift; path = OKArrrrApp.swift; sourceTree = "<group>"; };
		A7286AE028B66F2900228526 /* ContentView.swift */ = {isa = PBXFileReference; lastKnownFileType = sourcecode.swift; path = ContentView.swift; sourceTree = "<group>"; };
		A7286AE228B66F2B00228526 /* Assets.xcassets */ = {isa = PBXFileReference; lastKnownFileType = folder.assetcatalog; path = Assets.xcassets; sourceTree = "<group>"; };
		A7286AE528B66F2B00228526 /* Preview Assets.xcassets */ = {isa = PBXFileReference; lastKnownFileType = folder.assetcatalog; path = "Preview Assets.xcassets"; sourceTree = "<group>"; };
		A7286AEB28B66F2B00228526 /* OKArrrrTests.xctest */ = {isa = PBXFileReference; explicitFileType = wrapper.cfbundle; includeInIndex = 0; path = OKArrrrTests.xctest; sourceTree = BUILT_PRODUCTS_DIR; };
		A7286AEF28B66F2B00228526 /* OKArrrrTests.swift */ = {isa = PBXFileReference; lastKnownFileType = sourcecode.swift; path = OKArrrrTests.swift; sourceTree = "<group>"; };
		A7286AF528B66F2B00228526 /* OKArrrrUITests.xctest */ = {isa = PBXFileReference; explicitFileType = wrapper.cfbundle; includeInIndex = 0; path = OKArrrrUITests.xctest; sourceTree = BUILT_PRODUCTS_DIR; };
		A7286AF928B66F2B00228526 /* OKArrrrUITests.swift */ = {isa = PBXFileReference; lastKnownFileType = sourcecode.swift; path = OKArrrrUITests.swift; sourceTree = "<group>"; };
		A7286AFB28B66F2B00228526 /* OKArrrrUITestsLaunchTests.swift */ = {isa = PBXFileReference; lastKnownFileType = sourcecode.swift; path = OKArrrrUITestsLaunchTests.swift; sourceTree = "<group>"; };
/* End PBXFileReference section */

/* Begin PBXFrameworksBuildPhase section */
		A7286AD828B66F2900228526 /* Frameworks */ = {
			isa = PBXFrameworksBuildPhase;
			buildActionMask = 2147483647;
			files = (
			);
			runOnlyForDeploymentPostprocessing = 0;
		};
		A7286AE828B66F2B00228526 /* Frameworks */ = {
			isa = PBXFrameworksBuildPhase;
			buildActionMask = 2147483647;
			files = (
			);
			runOnlyForDeploymentPostprocessing = 0;
		};
		A7286AF228B66F2B00228526 /* Frameworks */ = {
			isa = PBXFrameworksBuildPhase;
			buildActionMask = 2147483647;
			files = (
			);
			runOnlyForDeploymentPostprocessing = 0;
		};
/* End PBXFrameworksBuildPhase section */

/* Begin PBXGroup section */
		A7286AD228B66F2900228526 = {
			isa = PBXGroup;
			children = (
				A7286ADD28B66F2900228526 /* OKArrrr */,
				A7286AEE28B66F2B00228526 /* OKArrrrTests */,
				A7286AF828B66F2B00228526 /* OKArrrrUITests */,
				A7286ADC28B66F2900228526 /* Products */,
			);
			sourceTree = "<group>";
		};
		A7286ADC28B66F2900228526 /* Products */ = {
			isa = PBXGroup;
			children = (
				A7286ADB28B66F2900228526 /* OKArrrr.app */,
				A7286AEB28B66F2B00228526 /* OKArrrrTests.xctest */,
				A7286AF528B66F2B00228526 /* OKArrrrUITests.xctest */,
			);
			name = Products;
			sourceTree = "<group>";
		};
		A7286ADD28B66F2900228526 /* OKArrrr */ = {
			isa = PBXGroup;
			children = (
				A7286ADE28B66F2900228526 /* OKArrrrApp.swift */,
				A7286AE028B66F2900228526 /* ContentView.swift */,
				A7286AE228B66F2B00228526 /* Assets.xcassets */,
				A7286AE428B66F2B00228526 /* Preview Content */,
			);
			path = OKArrrr;
			sourceTree = "<group>";
		};
		A7286AE428B66F2B00228526 /* Preview Content */ = {
			isa = PBXGroup;
			children = (
				A7286AE528B66F2B00228526 /* Preview Assets.xcassets */,
			);
			path = "Preview Content";
			sourceTree = "<group>";
		};
		A7286AEE28B66F2B00228526 /* OKArrrrTests */ = {
			isa = PBXGroup;
			children = (
				A7286AEF28B66F2B00228526 /* OKArrrrTests.swift */,
			);
			path = OKArrrrTests;
			sourceTree = "<group>";
		};
		A7286AF828B66F2B00228526 /* OKArrrrUITests */ = {
			isa = PBXGroup;
			children = (
				A7286AF928B66F2B00228526 /* OKArrrrUITests.swift */,
				A7286AFB28B66F2B00228526 /* OKArrrrUITestsLaunchTests.swift */,
			);
			path = OKArrrrUITests;
			sourceTree = "<group>";
		};
/* End PBXGroup section */

/* Begin PBXNativeTarget section */
		A7286ADA28B66F2900228526 /* OKArrrr */ = {
			isa = PBXNativeTarget;
			buildConfigurationList = A7286AFF28B66F2B00228526 /* Build configuration list for PBXNativeTarget "OKArrrr" */;
			buildPhases = (
				A7286AD728B66F2900228526 /* Sources */,
				A7286AD828B66F2900228526 /* Frameworks */,
				A7286AD928B66F2900228526 /* Resources */,
			);
			buildRules = (
			);
			dependencies = (
			);
			name = OKArrrr;
			productName = OKArrrr;
			productReference = A7286ADB28B66F2900228526 /* OKArrrr.app */;
			productType = "com.apple.product-type.application";
		};
		A7286AEA28B66F2B00228526 /* OKArrrrTests */ = {
			isa = PBXNativeTarget;
			buildConfigurationList = A7286B0228B66F2B00228526 /* Build configuration list for PBXNativeTarget "OKArrrrTests" */;
			buildPhases = (
				A7286AE728B66F2B00228526 /* Sources */,
				A7286AE828B66F2B00228526 /* Frameworks */,
				A7286AE928B66F2B00228526 /* Resources */,
			);
			buildRules = (
			);
			dependencies = (
				A7286AED28B66F2B00228526 /* PBXTargetDependency */,
			);
			name = OKArrrrTests;
			productName = OKArrrrTests;
			productReference = A7286AEB28B66F2B00228526 /* OKArrrrTests.xctest */;
			productType = "com.apple.product-type.bundle.unit-test";
		};
		A7286AF428B66F2B00228526 /* OKArrrrUITests */ = {
			isa = PBXNativeTarget;
			buildConfigurationList = A7286B0528B66F2B00228526 /* Build configuration list for PBXNativeTarget "OKArrrrUITests" */;
			buildPhases = (
				A7286AF128B66F2B00228526 /* Sources */,
				A7286AF228B66F2B00228526 /* Frameworks */,
				A7286AF328B66F2B00228526 /* Resources */,
			);
			buildRules = (
			);
			dependencies = (
				A7286AF728B66F2B00228526 /* PBXTargetDependency */,
			);
			name = OKArrrrUITests;
			productName = OKArrrrUITests;
			productReference = A7286AF528B66F2B00228526 /* OKArrrrUITests.xctest */;
			productType = "com.apple.product-type.bundle.ui-testing";
		};
/* End PBXNativeTarget section */

/* Begin PBXProject section */
		A7286AD328B66F2900228526 /* Project object */ = {
			isa = PBXProject;
			attributes = {
				BuildIndependentTargetsInParallel = 1;
				LastSwiftUpdateCheck = 1320;
				LastUpgradeCheck = 1320;
				TargetAttributes = {
					A7286ADA28B66F2900228526 = {
						CreatedOnToolsVersion = 13.2.1;
					};
					A7286AEA28B66F2B00228526 = {
						CreatedOnToolsVersion = 13.2.1;
						TestTargetID = A7286ADA28B66F2900228526;
					};
					A7286AF428B66F2B00228526 = {
						CreatedOnToolsVersion = 13.2.1;
						TestTargetID = A7286ADA28B66F2900228526;
					};
				};
			};
			buildConfigurationList = A7286AD628B66F2900228526 /* Build configuration list for PBXProject "OKArrrr" */;
			compatibilityVersion = "Xcode 13.0";
			developmentRegion = en;
			hasScannedForEncodings = 0;
			knownRegions = (
				en,
				Base,
			);
			mainGroup = A7286AD228B66F2900228526;
			productRefGroup = A7286ADC28B66F2900228526 /* Products */;
			projectDirPath = "";
			projectRoot = "";
			targets = (
				A7286ADA28B66F2900228526 /* OKArrrr */,
				A7286AEA28B66F2B00228526 /* OKArrrrTests */,
				A7286AF428B66F2B00228526 /* OKArrrrUITests */,
			);
		};
/* End PBXProject section */

/* Begin PBXResourcesBuildPhase section */
		A7286AD928B66F2900228526 /* Resources */ = {
			isa = PBXResourcesBuildPhase;
			buildActionMask = 2147483647;
			files = (
				A7286AE628B66F2B00228526 /* Preview Assets.xcassets in Resources */,
				A7286AE328B66F2B00228526 /* Assets.xcassets in Resources */,
			);
			runOnlyForDeploymentPostprocessing = 0;
		};
		A7286AE928B66F2B00228526 /* Resources */ = {
			isa = PBXResourcesBuildPhase;
			buildActionMask = 2147483647;
			files = (
			);
			runOnlyForDeploymentPostprocessing = 0;
		};
		A7286AF328B66F2B00228526 /* Resources */ = {
			isa = PBXResourcesBuildPhase;
			buildActionMask = 2147483647;
			files = (
			);
			runOnlyForDeploymentPostprocessing = 0;
		};
/* End PBXResourcesBuildPhase section */

/* Begin PBXSourcesBuildPhase section */
		A7286AD728B66F2900228526 /* Sources */ = {
			isa = PBXSourcesBuildPhase;
			buildActionMask = 2147483647;
			files = (
				A7286AE128B66F2900228526 /* ContentView.swift in Sources */,
				A7286ADF28B66F2900228526 /* OKArrrrApp.swift in Sources */,
			);
			runOnlyForDeploymentPostprocessing = 0;
		};
		A7286AE728B66F2B00228526 /* Sources */ = {
			isa = PBXSourcesBuildPhase;
			buildActionMask = 2147483647;
			files = (
				A7286AF028B66F2B00228526 /* OKArrrrTests.swift in Sources */,
			);
			runOnlyForDeploymentPostprocessing = 0;
		};
		A7286AF128B66F2B00228526 /* Sources */ = {
			isa = PBXSourcesBuildPhase;
			buildActionMask = 2147483647;
			files = (
				A7286AFC28B66F2B00228526 /* OKArrrrUITestsLaunchTests.swift in Sources */,
				A7286AFA28B66F2B00228526 /* OKArrrrUITests.swift in Sources */,
			);
			runOnlyForDeploymentPostprocessing = 0;
		};
/* End PBXSourcesBuildPhase section */

/* Begin PBXTargetDependency section */
		A7286AED28B66F2B00228526 /* PBXTargetDependency */ = {
			isa = PBXTargetDependency;
			target = A7286ADA28B66F2900228526 /* OKArrrr */;
			targetProxy = A7286AEC28B66F2B00228526 /* PBXContainerItemProxy */;
		};
		A7286AF728B66F2B00228526 /* PBXTargetDependency */ = {
			isa = PBXTargetDependency;
			target = A7286ADA28B66F2900228526 /* OKArrrr */;
			targetProxy = A7286AF628B66F2B00228526 /* PBXContainerItemProxy */;
		};
/* End PBXTargetDependency section */

/* Begin XCBuildConfiguration section */
		A7286AFD28B66F2B00228526 /* Debug */ = {
			isa = XCBuildConfiguration;
			buildSettings = {
				ALWAYS_SEARCH_USER_PATHS = NO;
				CLANG_ANALYZER_NONNULL = YES;
				CLANG_ANALYZER_NUMBER_OBJECT_CONVERSION = YES_AGGRESSIVE;
				CLANG_CXX_LANGUAGE_STANDARD = "gnu++17";
				CLANG_CXX_LIBRARY = "libc++";
				CLANG_ENABLE_MODULES = YES;
				CLANG_ENABLE_OBJC_ARC = YES;
				CLANG_ENABLE_OBJC_WEAK = YES;
				CLANG_WARN_BLOCK_CAPTURE_AUTORELEASING = YES;
				CLANG_WARN_BOOL_CONVERSION = YES;
				CLANG_WARN_COMMA = YES;
				CLANG_WARN_CONSTANT_CONVERSION = YES;
				CLANG_WARN_DEPRECATED_OBJC_IMPLEMENTATIONS = YES;
				CLANG_WARN_DIRECT_OBJC_ISA_USAGE = YES_ERROR;
				CLANG_WARN_DOCUMENTATION_COMMENTS = YES;
				CLANG_WARN_EMPTY_BODY = YES;
				CLANG_WARN_ENUM_CONVERSION = YES;
				CLANG_WARN_INFINITE_RECURSION = YES;
				CLANG_WARN_INT_CONVERSION = YES;
				CLANG_WARN_NON_LITERAL_NULL_CONVERSION = YES;
				CLANG_WARN_OBJC_IMPLICIT_RETAIN_SELF = YES;
				CLANG_WARN_OBJC_LITERAL_CONVERSION = YES;
				CLANG_WARN_OBJC_ROOT_CLASS = YES_ERROR;
				CLANG_WARN_QUOTED_INCLUDE_IN_FRAMEWORK_HEADER = YES;
				CLANG_WARN_RANGE_LOOP_ANALYSIS = YES;
				CLANG_WARN_STRICT_PROTOTYPES = YES;
				CLANG_WARN_SUSPICIOUS_MOVE = YES;
				CLANG_WARN_UNGUARDED_AVAILABILITY = YES_AGGRESSIVE;
				CLANG_WARN_UNREACHABLE_CODE = YES;
				CLANG_WARN__DUPLICATE_METHOD_MATCH = YES;
				COPY_PHASE_STRIP = NO;
				DEBUG_INFORMATION_FORMAT = dwarf;
				ENABLE_STRICT_OBJC_MSGSEND = YES;
				ENABLE_TESTABILITY = YES;
				GCC_C_LANGUAGE_STANDARD = gnu11;
				GCC_DYNAMIC_NO_PIC = NO;
				GCC_NO_COMMON_BLOCKS = YES;
				GCC_OPTIMIZATION_LEVEL = 0;
				GCC_PREPROCESSOR_DEFINITIONS = (
					"DEBUG=1",
					"$(inherited)",
				);
				GCC_WARN_64_TO_32_BIT_CONVERSION = YES;
				GCC_WARN_ABOUT_RETURN_TYPE = YES_ERROR;
				GCC_WARN_UNDECLARED_SELECTOR = YES;
				GCC_WARN_UNINITIALIZED_AUTOS = YES_AGGRESSIVE;
				GCC_WARN_UNUSED_FUNCTION = YES;
				GCC_WARN_UNUSED_VARIABLE = YES;
				IPHONEOS_DEPLOYMENT_TARGET = 15.2;
				MTL_ENABLE_DEBUG_INFO = INCLUDE_SOURCE;
				MTL_FAST_MATH = YES;
				ONLY_ACTIVE_ARCH = YES;
				SDKROOT = iphoneos;
				SWIFT_ACTIVE_COMPILATION_CONDITIONS = DEBUG;
				SWIFT_OPTIMIZATION_LEVEL = "-Onone";
			};
			name = Debug;
		};
		A7286AFE28B66F2B00228526 /* Release */ = {
			isa = XCBuildConfiguration;
			buildSettings = {
				ALWAYS_SEARCH_USER_PATHS = NO;
				CLANG_ANALYZER_NONNULL = YES;
				CLANG_ANALYZER_NUMBER_OBJECT_CONVERSION = YES_AGGRESSIVE;
				CLANG_CXX_LANGUAGE_STANDARD = "gnu++17";
				CLANG_CXX_LIBRARY = "libc++";
				CLANG_ENABLE_MODULES = YES;
				CLANG_ENABLE_OBJC_ARC = YES;
				CLANG_ENABLE_OBJC_WEAK = YES;
				CLANG_WARN_BLOCK_CAPTURE_AUTORELEASING = YES;
				CLANG_WARN_BOOL_CONVERSION = YES;
				CLANG_WARN_COMMA = YES;
				CLANG_WARN_CONSTANT_CONVERSION = YES;
				CLANG_WARN_DEPRECATED_OBJC_IMPLEMENTATIONS = YES;
				CLANG_WARN_DIRECT_OBJC_ISA_USAGE = YES_ERROR;
				CLANG_WARN_DOCUMENTATION_COMMENTS = YES;
				CLANG_WARN_EMPTY_BODY = YES;
				CLANG_WARN_ENUM_CONVERSION = YES;
				CLANG_WARN_INFINITE_RECURSION = YES;
				CLANG_WARN_INT_CONVERSION = YES;
				CLANG_WARN_NON_LITERAL_NULL_CONVERSION = YES;
				CLANG_WARN_OBJC_IMPLICIT_RETAIN_SELF = YES;
				CLANG_WARN_OBJC_LITERAL_CONVERSION = YES;
				CLANG_WARN_OBJC_ROOT_CLASS = YES_ERROR;
				CLANG_WARN_QUOTED_INCLUDE_IN_FRAMEWORK_HEADER = YES;
				CLANG_WARN_RANGE_LOOP_ANALYSIS = YES;
				CLANG_WARN_STRICT_PROTOTYPES = YES;
				CLANG_WARN_SUSPICIOUS_MOVE = YES;
				CLANG_WARN_UNGUARDED_AVAILABILITY = YES_AGGRESSIVE;
				CLANG_WARN_UNREACHABLE_CODE = YES;
				CLANG_WARN__DUPLICATE_METHOD_MATCH = YES;
				COPY_PHASE_STRIP = NO;
				DEBUG_INFORMATION_FORMAT = "dwarf-with-dsym";
				ENABLE_NS_ASSERTIONS = NO;
				ENABLE_STRICT_OBJC_MSGSEND = YES;
				GCC_C_LANGUAGE_STANDARD = gnu11;
				GCC_NO_COMMON_BLOCKS = YES;
				GCC_WARN_64_TO_32_BIT_CONVERSION = YES;
				GCC_WARN_ABOUT_RETURN_TYPE = YES_ERROR;
				GCC_WARN_UNDECLARED_SELECTOR = YES;
				GCC_WARN_UNINITIALIZED_AUTOS = YES_AGGRESSIVE;
				GCC_WARN_UNUSED_FUNCTION = YES;
				GCC_WARN_UNUSED_VARIABLE = YES;
				IPHONEOS_DEPLOYMENT_TARGET = 15.2;
				MTL_ENABLE_DEBUG_INFO = NO;
				MTL_FAST_MATH = YES;
				SDKROOT = iphoneos;
				SWIFT_COMPILATION_MODE = wholemodule;
				SWIFT_OPTIMIZATION_LEVEL = "-O";
				VALIDATE_PRODUCT = YES;
			};
			name = Release;
		};
		A7286B0028B66F2B00228526 /* Debug */ = {
			isa = XCBuildConfiguration;
			buildSettings = {
				ASSETCATALOG_COMPILER_APPICON_NAME = AppIcon;
				ASSETCATALOG_COMPILER_GLOBAL_ACCENT_COLOR_NAME = AccentColor;
				CODE_SIGN_STYLE = Automatic;
				CURRENT_PROJECT_VERSION = 1;
				DEVELOPMENT_ASSET_PATHS = "\"OKArrrr/Preview Content\"";
				ENABLE_PREVIEWS = YES;
				GENERATE_INFOPLIST_FILE = YES;
				INFOPLIST_KEY_UIApplicationSceneManifest_Generation = YES;
				INFOPLIST_KEY_UIApplicationSupportsIndirectInputEvents = YES;
				INFOPLIST_KEY_UILaunchScreen_Generation = YES;
				INFOPLIST_KEY_UISupportedInterfaceOrientations_iPad = "UIInterfaceOrientationPortrait UIInterfaceOrientationPortraitUpsideDown UIInterfaceOrientationLandscapeLeft UIInterfaceOrientationLandscapeRight";
				INFOPLIST_KEY_UISupportedInterfaceOrientations_iPhone = "UIInterfaceOrientationPortrait UIInterfaceOrientationLandscapeLeft UIInterfaceOrientationLandscapeRight";
				LD_RUNPATH_SEARCH_PATHS = (
					"$(inherited)",
					"@executable_path/Frameworks",
				);
				MARKETING_VERSION = 1.0;
				PRODUCT_BUNDLE_IDENTIFIER = com.aibles.OKArrrr;
				PRODUCT_NAME = "$(TARGET_NAME)";
				SWIFT_EMIT_LOC_STRINGS = YES;
				SWIFT_VERSION = 5.0;
				TARGETED_DEVICE_FAMILY = "1,2";
			};
			name = Debug;
		};
		A7286B0128B66F2B00228526 /* Release */ = {
			isa = XCBuildConfiguration;
			buildSettings = {
				ASSETCATALOG_COMPILER_APPICON_NAME = AppIcon;
				ASSETCATALOG_COMPILER_GLOBAL_ACCENT_COLOR_NAME = AccentColor;
				CODE_SIGN_STYLE = Automatic;
				CURRENT_PROJECT_VERSION = 1;
				DEVELOPMENT_ASSET_PATHS = "\"OKArrrr/Preview Content\"";
				ENABLE_PREVIEWS = YES;
				GENERATE_INFOPLIST_FILE = YES;
				INFOPLIST_KEY_UIApplicationSceneManifest_Generation = YES;
				INFOPLIST_KEY_UIApplicationSupportsIndirectInputEvents = YES;
				INFOPLIST_KEY_UILaunchScreen_Generation = YES;
				INFOPLIST_KEY_UISupportedInterfaceOrientations_iPad = "UIInterfaceOrientationPortrait UIInterfaceOrientationPortraitUpsideDown UIInterfaceOrientationLandscapeLeft UIInterfaceOrientationLandscapeRight";
				INFOPLIST_KEY_UISupportedInterfaceOrientations_iPhone = "UIInterfaceOrientationPortrait UIInterfaceOrientationLandscapeLeft UIInterfaceOrientationLandscapeRight";
				LD_RUNPATH_SEARCH_PATHS = (
					"$(inherited)",
					"@executable_path/Frameworks",
				);
				MARKETING_VERSION = 1.0;
				PRODUCT_BUNDLE_IDENTIFIER = com.aibles.OKArrrr;
				PRODUCT_NAME = "$(TARGET_NAME)";
				SWIFT_EMIT_LOC_STRINGS = YES;
				SWIFT_VERSION = 5.0;
				TARGETED_DEVICE_FAMILY = "1,2";
			};
			name = Release;
		};
		A7286B0328B66F2B00228526 /* Debug */ = {
			isa = XCBuildConfiguration;
			buildSettings = {
				ALWAYS_EMBED_SWIFT_STANDARD_LIBRARIES = YES;
				BUNDLE_LOADER = "$(TEST_HOST)";
				CODE_SIGN_STYLE = Automatic;
				CURRENT_PROJECT_VERSION = 1;
				GENERATE_INFOPLIST_FILE = YES;
				IPHONEOS_DEPLOYMENT_TARGET = 15.2;
				MARKETING_VERSION = 1.0;
				PRODUCT_BUNDLE_IDENTIFIER = com.aibles.OKArrrrTests;
				PRODUCT_NAME = "$(TARGET_NAME)";
				SWIFT_EMIT_LOC_STRINGS = NO;
				SWIFT_VERSION = 5.0;
				TARGETED_DEVICE_FAMILY = "1,2";
				TEST_HOST = "$(BUILT_PRODUCTS_DIR)/OKArrrr.app/OKArrrr";
			};
			name = Debug;
		};
		A7286B0428B66F2B00228526 /* Release */ = {
			isa = XCBuildConfiguration;
			buildSettings = {
				ALWAYS_EMBED_SWIFT_STANDARD_LIBRARIES = YES;
				BUNDLE_LOADER = "$(TEST_HOST)";
				CODE_SIGN_STYLE = Automatic;
				CURRENT_PROJECT_VERSION = 1;
				GENERATE_INFOPLIST_FILE = YES;
				IPHONEOS_DEPLOYMENT_TARGET = 15.2;
				MARKETING_VERSION = 1.0;
				PRODUCT_BUNDLE_IDENTIFIER = com.aibles.OKArrrrTests;
				PRODUCT_NAME = "$(TARGET_NAME)";
				SWIFT_EMIT_LOC_STRINGS = NO;
				SWIFT_VERSION = 5.0;
				TARGETED_DEVICE_FAMILY = "1,2";
				TEST_HOST = "$(BUILT_PRODUCTS_DIR)/OKArrrr.app/OKArrrr";
			};
			name = Release;
		};
		A7286B0628B66F2B00228526 /* Debug */ = {
			isa = XCBuildConfiguration;
			buildSettings = {
				ALWAYS_EMBED_SWIFT_STANDARD_LIBRARIES = YES;
				CODE_SIGN_STYLE = Automatic;
				CURRENT_PROJECT_VERSION = 1;
				GENERATE_INFOPLIST_FILE = YES;
				MARKETING_VERSION = 1.0;
				PRODUCT_BUNDLE_IDENTIFIER = com.aibles.OKArrrrUITests;
				PRODUCT_NAME = "$(TARGET_NAME)";
				SWIFT_EMIT_LOC_STRINGS = NO;
				SWIFT_VERSION = 5.0;
				TARGETED_DEVICE_FAMILY = "1,2";
				TEST_TARGET_NAME = OKArrrr;
			};
			name = Debug;
		};
		A7286B0728B66F2B00228526 /* Release */ = {
			isa = XCBuildConfiguration;
			buildSettings = {
				ALWAYS_EMBED_SWIFT_STANDARD_LIBRARIES = YES;
				CODE_SIGN_STYLE = Automatic;
				CURRENT_PROJECT_VERSION = 1;
				GENERATE_INFOPLIST_FILE = YES;
				MARKETING_VERSION = 1.0;
				PRODUCT_BUNDLE_IDENTIFIER = com.aibles.OKArrrrUITests;
				PRODUCT_NAME = "$(TARGET_NAME)";
				SWIFT_EMIT_LOC_STRINGS = NO;
				SWIFT_VERSION = 5.0;
				TARGETED_DEVICE_FAMILY = "1,2";
				TEST_TARGET_NAME = OKArrrr;
			};
			name = Release;
		};
/* End XCBuildConfiguration section */

/* Begin XCConfigurationList section */
		A7286AD628B66F2900228526 /* Build configuration list for PBXProject "OKArrrr" */ = {
			isa = XCConfigurationList;
			buildConfigurations = (
				A7286AFD28B66F2B00228526 /* Debug */,
				A7286AFE28B66F2B00228526 /* Release */,
			);
			defaultConfigurationIsVisible = 0;
			defaultConfigurationName = Release;
		};
		A7286AFF28B66F2B00228526 /* Build configuration list for PBXNativeTarget "OKArrrr" */ = {
			isa = XCConfigurationList;
			buildConfigurations = (
				A7286B0028B66F2B00228526 /* Debug */,
				A7286B0128B66F2B00228526 /* Release */,
			);
			defaultConfigurationIsVisible = 0;
			defaultConfigurationName = Release;
		};
		A7286B0228B66F2B00228526 /* Build configuration list for PBXNativeTarget "OKArrrrTests" */ = {
			isa = XCConfigurationList;
			buildConfigurations = (
				A7286B0328B66F2B00228526 /* Debug */,
				A7286B0428B66F2B00228526 /* Release */,
			);
			defaultConfigurationIsVisible = 0;
			defaultConfigurationName = Release;
		};
		A7286B0528B66F2B00228526 /* Build configuration list for PBXNativeTarget "OKArrrrUITests" */ = {
			isa = XCConfigurationList;
			buildConfigurations = (
				A7286B0628B66F2B00228526 /* Debug */,
				A7286B0728B66F2B00228526 /* Release */,
			);
			defaultConfigurationIsVisible = 0;
			defaultConfigurationName = Release;
		};
/* End XCConfigurationList section */
	};
	rootObject = A7286AD328B66F2900228526 /* Project object */;
}
